
Microsoft Visual Studio Solution File, Format Version 12.00
Project("{FAE04EC0-301F-11D3-BF4B-00C04F79EFBC}") = "ClientWebAPI", "ClientWebAPI\ClientWebAPI.csproj", "{8C4A412B-A139-4A2B-A76C-7B7D7E9E2DD6}"
EndProject
Global
	GlobalSection(SolutionConfigurationPlatforms) = preSolution
		Debug|Any CPU = Debug|Any CPU
		Release|Any CPU = Release|Any CPU
	EndGlobalSection
	GlobalSection(ProjectConfigurationPlatforms) = postSolution
		{8C4A412B-A139-4A2B-A76C-7B7D7E9E2DD6}.Debug|Any CPU.ActiveCfg = Debug|Any CPU
		{8C4A412B-A139-4A2B-A76C-7B7D7E9E2DD6}.Debug|Any CPU.Build.0 = Debug|Any CPU
		{8C4A412B-A139-4A2B-A76C-7B7D7E9E2DD6}.Release|Any CPU.ActiveCfg = Release|Any CPU
		{8C4A412B-A139-4A2B-A76C-7B7D7E9E2DD6}.Release|Any CPU.Build.0 = Release|Any CPU
	EndGlobalSection
EndGlobal
